
Microsoft Visual Studio Solution File, Format Version 11.00
# Visual Studio 2010
Project("{FAE04EC0-301F-11D3-BF4B-00C04F79EFBC}") = "Sheeto", "Assembly-CSharp.csproj", "{F4066720-DDCB-5579-C121-6AB255F14484}"
EndProject
Project("{FAE04EC0-301F-11D3-BF4B-00C04F79EFBC}") = "Sheeto", "Assembly-CSharp-Editor.csproj", "{6CF25C06-5929-0871-A13F-5971AA534D5D}"
EndProject
Global
	GlobalSection(SolutionConfigurationPlatforms) = preSolution
		Debug|Any CPU = Debug|Any CPU
		Release|Any CPU = Release|Any CPU
	EndGlobalSection
	GlobalSection(ProjectConfigurationPlatforms) = postSolution
		{F4066720-DDCB-5579-C121-6AB255F14484}.Debug|Any CPU.ActiveCfg = Debug|Any CPU
		{F4066720-DDCB-5579-C121-6AB255F14484}.Debug|Any CPU.Build.0 = Debug|Any CPU
		{F4066720-DDCB-5579-C121-6AB255F14484}.Release|Any CPU.ActiveCfg = Release|Any CPU
		{F4066720-DDCB-5579-C121-6AB255F14484}.Release|Any CPU.Build.0 = Release|Any CPU
		{6CF25C06-5929-0871-A13F-5971AA534D5D}.Debug|Any CPU.ActiveCfg = Debug|Any CPU
		{6CF25C06-5929-0871-A13F-5971AA534D5D}.Debug|Any CPU.Build.0 = Debug|Any CPU
		{6CF25C06-5929-0871-A13F-5971AA534D5D}.Release|Any CPU.ActiveCfg = Release|Any CPU
		{6CF25C06-5929-0871-A13F-5971AA534D5D}.Release|Any CPU.Build.0 = Release|Any CPU
	EndGlobalSection
	GlobalSection(SolutionProperties) = preSolution
		HideSolutionNode = FALSE
	EndGlobalSection
	GlobalSection(MonoDevelopProperties) = preSolution
		StartupItem = Assembly-CSharp.csproj
	EndGlobalSection
EndGlobal
